PODS:
  - HSegmentControl (2.1.0)
  - Nimble (5.1.0)
  - Quick (0.10.0)

DEPENDENCIES:
  - HSegmentControl (from `../`)
  - Nimble (~> 5.0)
  - Quick (~> 0.10.0)

EXTERNAL SOURCES:
  HSegmentControl:
    :path: "../"

SPEC CHECKSUMS:
  HSegmentControl: ac85fec1df6edea62894873441ed8e5f2d8957cd
  Nimble: 5ea121a2eda60440287054cde077fc0ad22227b3
  Quick: 5d290df1c69d5ee2f0729956dcf0fd9a30447eaa

PODFILE CHECKSUM: 278cafb6ee6698173fc14770bf3c3f3ecbbc3a48

COCOAPODS: 1.1.1
